
Microsoft Visual Studio Solution File, Format Version 12.00
# Visual Studio Version 17
VisualStudioVersion = 17.4.33213.308
MinimumVisualStudioVersion = 10.0.40219.1
Project("{FAE04EC0-301F-11D3-BF4B-00C04F79EFBC}") = "pajeobjectmodel_for_amazon", "pajeobjectmodel_for_amazon\pajeobjectmodel_for_amazon.csproj", "{0183CDA0-1D89-4E34-92E9-870AA831D5E0}"
EndProject
Global
	GlobalSection(SolutionConfigurationPlatforms) = preSolution
		Debug|Any CPU = Debug|Any CPU
		Release|Any CPU = Release|Any CPU
	EndGlobalSection
	GlobalSection(ProjectConfigurationPlatforms) = postSolution
		{0183CDA0-1D89-4E34-92E9-870AA831D5E0}.Debug|Any CPU.ActiveCfg = Debug|Any CPU
		{0183CDA0-1D89-4E34-92E9-870AA831D5E0}.Debug|Any CPU.Build.0 = Debug|Any CPU
		{0183CDA0-1D89-4E34-92E9-870AA831D5E0}.Release|Any CPU.ActiveCfg = Release|Any CPU
		{0183CDA0-1D89-4E34-92E9-870AA831D5E0}.Release|Any CPU.Build.0 = Release|Any CPU
	EndGlobalSection
	GlobalSection(SolutionProperties) = preSolution
		HideSolutionNode = FALSE
	EndGlobalSection
	GlobalSection(ExtensibilityGlobals) = postSolution
		SolutionGuid = {9D439380-9631-483F-A992-14968762172D}
	EndGlobalSection
EndGlobal
